
Microsoft Visual Studio Solution File, Format Version 11.00
# Visual Studio 2010
Project("{FAE04EC0-301F-11D3-BF4B-00C04F79EFBC}") = "Practical4_master_page", "Practical4_master_page\Practical4_master_page.csproj", "{497F4C47-7CE5-4234-A475-3D523DE99461}"
EndProject
Global
	GlobalSection(SolutionConfigurationPlatforms) = preSolution
		Debug|Any CPU = Debug|Any CPU
		Release|Any CPU = Release|Any CPU
	EndGlobalSection
	GlobalSection(ProjectConfigurationPlatforms) = postSolution
		{497F4C47-7CE5-4234-A475-3D523DE99461}.Debug|Any CPU.ActiveCfg = Debug|Any CPU
		{497F4C47-7CE5-4234-A475-3D523DE99461}.Debug|Any CPU.Build.0 = Debug|Any CPU
		{497F4C47-7CE5-4234-A475-3D523DE99461}.Release|Any CPU.ActiveCfg = Release|Any CPU
		{497F4C47-7CE5-4234-A475-3D523DE99461}.Release|Any CPU.Build.0 = Release|Any CPU
	EndGlobalSection
	GlobalSection(SolutionProperties) = preSolution
		HideSolutionNode = FALSE
	EndGlobalSection
EndGlobal
